
Microsoft Visual Studio Solution File, Format Version 12.00
# Visual Studio 2017
Project("{FAE04EC0-301F-11D3-BF4B-00C04F79EFBC}") = "P7-No-Name", "P7-No-Name.csproj", "{BCE4C10C-BD13-E71F-04B8-6080EB9AE937}"
EndProject
Project("{FAE04EC0-301F-11D3-BF4B-00C04F79EFBC}") = "P7-No-Name.Plugins", "P7-No-Name.Plugins.csproj", "{B0D7CE7A-BD8A-F63D-AC12-92D2B26FF5F7}"
EndProject
Project("{FAE04EC0-301F-11D3-BF4B-00C04F79EFBC}") = "P7-No-Name.Editor.Plugins", "P7-No-Name.Editor.Plugins.csproj", "{3FF1791C-FA37-F201-7FC9-B3A1EBE2AD87}"
EndProject
Project("{FAE04EC0-301F-11D3-BF4B-00C04F79EFBC}") = "P7-No-Name.Editor", "P7-No-Name.Editor.csproj", "{14F3765A-58BE-6D6B-0CD3-FDC4A1BED0A9}"
EndProject
Global
	GlobalSection(SolutionConfigurationPlatforms) = preSolution
		Debug|Any CPU = Debug|Any CPU
		Release|Any CPU = Release|Any CPU
	EndGlobalSection
	GlobalSection(ProjectConfigurationPlatforms) = postSolution
		{BCE4C10C-BD13-E71F-04B8-6080EB9AE937}.Debug|Any CPU.ActiveCfg = Debug|Any CPU
		{BCE4C10C-BD13-E71F-04B8-6080EB9AE937}.Debug|Any CPU.Build.0 = Debug|Any CPU
		{BCE4C10C-BD13-E71F-04B8-6080EB9AE937}.Release|Any CPU.ActiveCfg = Release|Any CPU
		{BCE4C10C-BD13-E71F-04B8-6080EB9AE937}.Release|Any CPU.Build.0 = Release|Any CPU
		{B0D7CE7A-BD8A-F63D-AC12-92D2B26FF5F7}.Debug|Any CPU.ActiveCfg = Debug|Any CPU
		{B0D7CE7A-BD8A-F63D-AC12-92D2B26FF5F7}.Debug|Any CPU.Build.0 = Debug|Any CPU
		{B0D7CE7A-BD8A-F63D-AC12-92D2B26FF5F7}.Release|Any CPU.ActiveCfg = Release|Any CPU
		{B0D7CE7A-BD8A-F63D-AC12-92D2B26FF5F7}.Release|Any CPU.Build.0 = Release|Any CPU
		{3FF1791C-FA37-F201-7FC9-B3A1EBE2AD87}.Debug|Any CPU.ActiveCfg = Debug|Any CPU
		{3FF1791C-FA37-F201-7FC9-B3A1EBE2AD87}.Debug|Any CPU.Build.0 = Debug|Any CPU
		{3FF1791C-FA37-F201-7FC9-B3A1EBE2AD87}.Release|Any CPU.ActiveCfg = Release|Any CPU
		{3FF1791C-FA37-F201-7FC9-B3A1EBE2AD87}.Release|Any CPU.Build.0 = Release|Any CPU
		{14F3765A-58BE-6D6B-0CD3-FDC4A1BED0A9}.Debug|Any CPU.ActiveCfg = Debug|Any CPU
		{14F3765A-58BE-6D6B-0CD3-FDC4A1BED0A9}.Debug|Any CPU.Build.0 = Debug|Any CPU
		{14F3765A-58BE-6D6B-0CD3-FDC4A1BED0A9}.Release|Any CPU.ActiveCfg = Release|Any CPU
		{14F3765A-58BE-6D6B-0CD3-FDC4A1BED0A9}.Release|Any CPU.Build.0 = Release|Any CPU
	EndGlobalSection
	GlobalSection(SolutionProperties) = preSolution
		HideSolutionNode = FALSE
	EndGlobalSection
EndGlobal
